
Microsoft Visual Studio Solution File, Format Version 12.00
# Visual Studio Version 16
VisualStudioVersion = 16.0.31321.278
MinimumVisualStudioVersion = 10.0.40219.1
Project("{9A19103F-16F7-4668-BE54-9A1E7A4F7556}") = "ConsoleApp1", "ConsoleApp1\ConsoleApp1.csproj", "{BE584820-C05A-4C85-A367-1AAD18DFDFAA}"
EndProject
Project("{FAE04EC0-301F-11D3-BF4B-00C04F79EFBC}") = "WebApplication1", "WebApplication1\WebApplication1.csproj", "{2F4FE970-4B7B-4322-99B5-3905B4AC8A8B}"
EndProject
Global
	GlobalSection(SolutionConfigurationPlatforms) = preSolution
		Debug|Any CPU = Debug|Any CPU
		Release|Any CPU = Release|Any CPU
	EndGlobalSection
	GlobalSection(ProjectConfigurationPlatforms) = postSolution
		{BE584820-C05A-4C85-A367-1AAD18DFDFAA}.Debug|Any CPU.ActiveCfg = Debug|Any CPU
		{BE584820-C05A-4C85-A367-1AAD18DFDFAA}.Debug|Any CPU.Build.0 = Debug|Any CPU
		{BE584820-C05A-4C85-A367-1AAD18DFDFAA}.Release|Any CPU.ActiveCfg = Release|Any CPU
		{BE584820-C05A-4C85-A367-1AAD18DFDFAA}.Release|Any CPU.Build.0 = Release|Any CPU
		{2F4FE970-4B7B-4322-99B5-3905B4AC8A8B}.Debug|Any CPU.ActiveCfg = Debug|Any CPU
		{2F4FE970-4B7B-4322-99B5-3905B4AC8A8B}.Debug|Any CPU.Build.0 = Debug|Any CPU
		{2F4FE970-4B7B-4322-99B5-3905B4AC8A8B}.Release|Any CPU.ActiveCfg = Release|Any CPU
		{2F4FE970-4B7B-4322-99B5-3905B4AC8A8B}.Release|Any CPU.Build.0 = Release|Any CPU
	EndGlobalSection
	GlobalSection(SolutionProperties) = preSolution
		HideSolutionNode = FALSE
	EndGlobalSection
	GlobalSection(ExtensibilityGlobals) = postSolution
		SolutionGuid = {F376F1CE-B3DC-4918-A8B3-39DF3EC02E5D}
	EndGlobalSection
EndGlobal
